// !$*UTF8*$!
{
	archiveVersion = 1;
	classes = {
	};
	objectVersion = 46;
	objects = {

/* Begin PBXBuildFile section */
		02766E781D9002AA007327FE /* main.cpp in Sources */ = {isa = PBXBuildFile; fileRef = 02766E771D9002AA007327FE /* main.cpp */; };
		027999391D903A4F009E914A /* Log.cpp in Sources */ = {isa = PBXBuildFile; fileRef = 027999371D903A4F009E914A /* Log.cpp */; };
		027999541D904372009E914A /* LogLogic.cpp in Sources */ = {isa = PBXBuildFile; fileRef = 027999521D904372009E914A /* LogLogic.cpp */; };
		027999581D9043A1009E914A /* FLogLogic.cpp in Sources */ = {isa = PBXBuildFile; fileRef = 027999561D9043A1009E914A /* FLogLogic.cpp */; };
		0279995B1D9043B9009E914A /* TLogLogic.cpp in Sources */ = {isa = PBXBuildFile; fileRef = 027999591D9043B9009E914A /* TLogLogic.cpp */; };
		0279995F1D905EC9009E914A /* Command.cpp in Sources */ = {isa = PBXBuildFile; fileRef = 0279995D1D905EC9009E914A /* Command.cpp */; };
		027999621D906171009E914A /* CommandEngine.cpp in Sources */ = {isa = PBXBuildFile; fileRef = 027999601D906171009E914A /* CommandEngine.cpp */; };
/* End PBXBuildFile section */

/* Begin PBXCopyFilesBuildPhase section */
		02766E721D9002AA007327FE /* CopyFiles */ = {
			isa = PBXCopyFilesBuildPhase;
			buildActionMask = 2147483647;
			dstPath = /usr/share/man/man1/;
			dstSubfolderSpec = 0;
			files = (
			);
			runOnlyForDeploymentPostprocessing = 1;
		};
/* End PBXCopyFilesBuildPhase section */

/* Begin PBXFileReference section */
		02766E741D9002AA007327FE /* ParrallelVectorDistance */ = {isa = PBXFileReference; explicitFileType = "compiled.mach-o.executable"; includeInIndex = 0; path = ParrallelVectorDistance; sourceTree = BUILT_PRODUCTS_DIR; };
		02766E771D9002AA007327FE /* main.cpp */ = {isa = PBXFileReference; lastKnownFileType = sourcecode.cpp.cpp; path = main.cpp; sourceTree = "<group>"; };
		027999371D903A4F009E914A /* Log.cpp */ = {isa = PBXFileReference; fileEncoding = 4; lastKnownFileType = sourcecode.cpp.cpp; path = Log.cpp; sourceTree = "<group>"; };
		027999381D903A4F009E914A /* Log.hpp */ = {isa = PBXFileReference; fileEncoding = 4; lastKnownFileType = sourcecode.cpp.h; path = Log.hpp; sourceTree = "<group>"; };
		027999521D904372009E914A /* LogLogic.cpp */ = {isa = PBXFileReference; fileEncoding = 4; lastKnownFileType = sourcecode.cpp.cpp; path = LogLogic.cpp; sourceTree = "<group>"; };
		027999531D904372009E914A /* LogLogic.hpp */ = {isa = PBXFileReference; fileEncoding = 4; lastKnownFileType = sourcecode.cpp.h; path = LogLogic.hpp; sourceTree = "<group>"; };
		027999561D9043A1009E914A /* FLogLogic.cpp */ = {isa = PBXFileReference; fileEncoding = 4; lastKnownFileType = sourcecode.cpp.cpp; path = FLogLogic.cpp; sourceTree = "<group>"; };
		027999571D9043A1009E914A /* FLogLogic.hpp */ = {isa = PBXFileReference; fileEncoding = 4; lastKnownFileType = sourcecode.cpp.h; path = FLogLogic.hpp; sourceTree = "<group>"; };
		027999591D9043B9009E914A /* TLogLogic.cpp */ = {isa = PBXFileReference; fileEncoding = 4; lastKnownFileType = sourcecode.cpp.cpp; path = TLogLogic.cpp; sourceTree = "<group>"; };
		0279995A1D9043B9009E914A /* TLogLogic.hpp */ = {isa = PBXFileReference; fileEncoding = 4; lastKnownFileType = sourcecode.cpp.h; path = TLogLogic.hpp; sourceTree = "<group>"; };
		0279995D1D905EC9009E914A /* Command.cpp */ = {isa = PBXFileReference; fileEncoding = 4; lastKnownFileType = sourcecode.cpp.cpp; path = Command.cpp; sourceTree = "<group>"; };
		0279995E1D905EC9009E914A /* Command.hpp */ = {isa = PBXFileReference; fileEncoding = 4; lastKnownFileType = sourcecode.cpp.h; path = Command.hpp; sourceTree = "<group>"; };
		027999601D906171009E914A /* CommandEngine.cpp */ = {isa = PBXFileReference; fileEncoding = 4; lastKnownFileType = sourcecode.cpp.cpp; name = CommandEngine.cpp; path = ../CommandEngine.cpp; sourceTree = "<group>"; };
		027999611D906171009E914A /* CommandEngine.hpp */ = {isa = PBXFileReference; fileEncoding = 4; lastKnownFileType = sourcecode.cpp.h; name = CommandEngine.hpp; path = ../CommandEngine.hpp; sourceTree = "<group>"; };
		027999631D906209009E914A /* Commands.hpp */ = {isa = PBXFileReference; lastKnownFileType = sourcecode.cpp.h; path = Commands.hpp; sourceTree = "<group>"; };
/* End PBXFileReference section */

/* Begin PBXFrameworksBuildPhase section */
		02766E711D9002AA007327FE /* Frameworks */ = {
			isa = PBXFrameworksBuildPhase;
			buildActionMask = 2147483647;
			files = (
			);
			runOnlyForDeploymentPostprocessing = 0;
		};
/* End PBXFrameworksBuildPhase section */

/* Begin PBXGroup section */
		02766E6B1D9002AA007327FE = {
			isa = PBXGroup;
			children = (
				02766E761D9002AA007327FE /* ParrallelVectorDistance */,
				02766E751D9002AA007327FE /* Products */,
			);
			sourceTree = "<group>";
		};
		02766E751D9002AA007327FE /* Products */ = {
			isa = PBXGroup;
			children = (
				02766E741D9002AA007327FE /* ParrallelVectorDistance */,
			);
			name = Products;
			sourceTree = "<group>";
		};
		02766E761D9002AA007327FE /* ParrallelVectorDistance */ = {
			isa = PBXGroup;
			children = (
				02766E771D9002AA007327FE /* main.cpp */,
				0279995C1D905EA4009E914A /* Commands */,
				027999551D904379009E914A /* Log */,
			);
			path = ParrallelVectorDistance;
			sourceTree = "<group>";
		};
		027999551D904379009E914A /* Log */ = {
			isa = PBXGroup;
			children = (
				027999371D903A4F009E914A /* Log.cpp */,
				027999381D903A4F009E914A /* Log.hpp */,
				027999521D904372009E914A /* LogLogic.cpp */,
				027999531D904372009E914A /* LogLogic.hpp */,
				027999561D9043A1009E914A /* FLogLogic.cpp */,
				027999571D9043A1009E914A /* FLogLogic.hpp */,
				027999591D9043B9009E914A /* TLogLogic.cpp */,
				0279995A1D9043B9009E914A /* TLogLogic.hpp */,
			);
			name = Log;
			sourceTree = "<group>";
		};
		0279995C1D905EA4009E914A /* Commands */ = {
			isa = PBXGroup;
			children = (
				027999601D906171009E914A /* CommandEngine.cpp */,
				027999611D906171009E914A /* CommandEngine.hpp */,
				0279995D1D905EC9009E914A /* Command.cpp */,
				0279995E1D905EC9009E914A /* Command.hpp */,
				027999631D906209009E914A /* Commands.hpp */,
			);
			name = Commands;
			sourceTree = "<group>";
		};
/* End PBXGroup section */

/* Begin PBXNativeTarget section */
		02766E731D9002AA007327FE /* ParrallelVectorDistance */ = {
			isa = PBXNativeTarget;
			buildConfigurationList = 02766E7B1D9002AA007327FE /* Build configuration list for PBXNativeTarget "ParrallelVectorDistance" */;
			buildPhases = (
				02766E701D9002AA007327FE /* Sources */,
				02766E711D9002AA007327FE /* Frameworks */,
				02766E721D9002AA007327FE /* CopyFiles */,
			);
			buildRules = (
			);
			dependencies = (
			);
			name = ParrallelVectorDistance;
			productName = ParrallelVectorDistance;
			productReference = 02766E741D9002AA007327FE /* ParrallelVectorDistance */;
			productType = "com.apple.product-type.tool";
		};
/* End PBXNativeTarget section */

/* Begin PBXProject section */
		02766E6C1D9002AA007327FE /* Project object */ = {
			isa = PBXProject;
			attributes = {
				LastUpgradeCheck = 0730;
				ORGANIZATIONNAME = "Vladimir Badalyan";
				TargetAttributes = {
					02766E731D9002AA007327FE = {
						CreatedOnToolsVersion = 7.3.1;
					};
				};
			};
			buildConfigurationList = 02766E6F1D9002AA007327FE /* Build configuration list for PBXProject "ParrallelVectorDistance" */;
			compatibilityVersion = "Xcode 3.2";
			developmentRegion = English;
			hasScannedForEncodings = 0;
			knownRegions = (
				en,
			);
			mainGroup = 02766E6B1D9002AA007327FE;
			productRefGroup = 02766E751D9002AA007327FE /* Products */;
			projectDirPath = "";
			projectRoot = "";
			targets = (
				02766E731D9002AA007327FE /* ParrallelVectorDistance */,
			);
		};
/* End PBXProject section */

/* Begin PBXSourcesBuildPhase section */
		02766E701D9002AA007327FE /* Sources */ = {
			isa = PBXSourcesBuildPhase;
			buildActionMask = 2147483647;
			files = (
				0279995B1D9043B9009E914A /* TLogLogic.cpp in Sources */,
				0279995F1D905EC9009E914A /* Command.cpp in Sources */,
				027999541D904372009E914A /* LogLogic.cpp in Sources */,
				027999621D906171009E914A /* CommandEngine.cpp in Sources */,
				027999581D9043A1009E914A /* FLogLogic.cpp in Sources */,
				027999391D903A4F009E914A /* Log.cpp in Sources */,
				02766E781D9002AA007327FE /* main.cpp in Sources */,
			);
			runOnlyForDeploymentPostprocessing = 0;
		};
/* End PBXSourcesBuildPhase section */

/* Begin XCBuildConfiguration section */
		02766E791D9002AA007327FE /* Debug */ = {
			isa = XCBuildConfiguration;
			buildSettings = {
				ALWAYS_SEARCH_USER_PATHS = NO;
				CLANG_ANALYZER_NONNULL = YES;
				CLANG_CXX_LANGUAGE_STANDARD = "gnu++0x";
				CLANG_CXX_LIBRARY = "libc++";
				CLANG_ENABLE_MODULES = YES;
				CLANG_ENABLE_OBJC_ARC = YES;
				CLANG_WARN_BOOL_CONVERSION = YES;
				CLANG_WARN_CONSTANT_CONVERSION = YES;
				CLANG_WARN_DIRECT_OBJC_ISA_USAGE = YES_ERROR;
				CLANG_WARN_EMPTY_BODY = YES;
				CLANG_WARN_ENUM_CONVERSION = YES;
				CLANG_WARN_INT_CONVERSION = YES;
				CLANG_WARN_OBJC_ROOT_CLASS = YES_ERROR;
				CLANG_WARN_UNREACHABLE_CODE = YES;
				CLANG_WARN__DUPLICATE_METHOD_MATCH = YES;
				CODE_SIGN_IDENTITY = "-";
				COPY_PHASE_STRIP = NO;
				DEBUG_INFORMATION_FORMAT = dwarf;
				ENABLE_STRICT_OBJC_MSGSEND = YES;
				ENABLE_TESTABILITY = YES;
				GCC_C_LANGUAGE_STANDARD = gnu99;
				GCC_DYNAMIC_NO_PIC = NO;
				GCC_NO_COMMON_BLOCKS = YES;
				GCC_OPTIMIZATION_LEVEL = 0;
				GCC_PREPROCESSOR_DEFINITIONS = (
					"DEBUG=1",
					"$(inherited)",
				);
				GCC_WARN_64_TO_32_BIT_CONVERSION = YES;
				GCC_WARN_ABOUT_RETURN_TYPE = YES_ERROR;
				GCC_WARN_UNDECLARED_SELECTOR = YES;
				GCC_WARN_UNINITIALIZED_AUTOS = YES_AGGRESSIVE;
				GCC_WARN_UNUSED_FUNCTION = YES;
				GCC_WARN_UNUSED_VARIABLE = YES;
				MACOSX_DEPLOYMENT_TARGET = 10.11;
				MTL_ENABLE_DEBUG_INFO = YES;
				ONLY_ACTIVE_ARCH = YES;
				SDKROOT = macosx;
			};
			name = Debug;
		};
		02766E7A1D9002AA007327FE /* Release */ = {
			isa = XCBuildConfiguration;
			buildSettings = {
				ALWAYS_SEARCH_USER_PATHS = NO;
				CLANG_ANALYZER_NONNULL = YES;
				CLANG_CXX_LANGUAGE_STANDARD = "gnu++0x";
				CLANG_CXX_LIBRARY = "libc++";
				CLANG_ENABLE_MODULES = YES;
				CLANG_ENABLE_OBJC_ARC = YES;
				CLANG_WARN_BOOL_CONVERSION = YES;
				CLANG_WARN_CONSTANT_CONVERSION = YES;
				CLANG_WARN_DIRECT_OBJC_ISA_USAGE = YES_ERROR;
				CLANG_WARN_EMPTY_BODY = YES;
				CLANG_WARN_ENUM_CONVERSION = YES;
				CLANG_WARN_INT_CONVERSION = YES;
				CLANG_WARN_OBJC_ROOT_CLASS = YES_ERROR;
				CLANG_WARN_UNREACHABLE_CODE = YES;
				CLANG_WARN__DUPLICATE_METHOD_MATCH = YES;
				CODE_SIGN_IDENTITY = "-";
				COPY_PHASE_STRIP = NO;
				DEBUG_INFORMATION_FORMAT = "dwarf-with-dsym";
				ENABLE_NS_ASSERTIONS = NO;
				ENABLE_STRICT_OBJC_MSGSEND = YES;
				GCC_C_LANGUAGE_STANDARD = gnu99;
				GCC_NO_COMMON_BLOCKS = YES;
				GCC_WARN_64_TO_32_BIT_CONVERSION = YES;
				GCC_WARN_ABOUT_RETURN_TYPE = YES_ERROR;
				GCC_WARN_UNDECLARED_SELECTOR = YES;
				GCC_WARN_UNINITIALIZED_AUTOS = YES_AGGRESSIVE;
				GCC_WARN_UNUSED_FUNCTION = YES;
				GCC_WARN_UNUSED_VARIABLE = YES;
				MACOSX_DEPLOYMENT_TARGET = 10.11;
				MTL_ENABLE_DEBUG_INFO = NO;
				SDKROOT = macosx;
			};
			name = Release;
		};
		02766E7C1D9002AA007327FE /* Debug */ = {
			isa = XCBuildConfiguration;
			buildSettings = {
				PRODUCT_NAME = "$(TARGET_NAME)";
			};
			name = Debug;
		};
		02766E7D1D9002AA007327FE /* Release */ = {
			isa = XCBuildConfiguration;
			buildSettings = {
				PRODUCT_NAME = "$(TARGET_NAME)";
			};
			name = Release;
		};
/* End XCBuildConfiguration section */

/* Begin XCConfigurationList section */
		02766E6F1D9002AA007327FE /* Build configuration list for PBXProject "ParrallelVectorDistance" */ = {
			isa = XCConfigurationList;
			buildConfigurations = (
				02766E791D9002AA007327FE /* Debug */,
				02766E7A1D9002AA007327FE /* Release */,
			);
			defaultConfigurationIsVisible = 0;
			defaultConfigurationName = Release;
		};
		02766E7B1D9002AA007327FE /* Build configuration list for PBXNativeTarget "ParrallelVectorDistance" */ = {
			isa = XCConfigurationList;
			buildConfigurations = (
				02766E7C1D9002AA007327FE /* Debug */,
				02766E7D1D9002AA007327FE /* Release */,
			);
			defaultConfigurationIsVisible = 0;
			defaultConfigurationName = Release;
		};
/* End XCConfigurationList section */
	};
	rootObject = 02766E6C1D9002AA007327FE /* Project object */;
}
